
Microsoft Visual Studio Solution File, Format Version 12.00
Project("{FAE04EC0-301F-11D3-BF4B-00C04F79EFBC}") = "JasperFxTemplate", "JasperFxTemplate\JasperFxTemplate.csproj", "{307F52B8-F9B6-45B3-A543-2D403DB4DF0C}"
EndProject
Global
	GlobalSection(SolutionConfigurationPlatforms) = preSolution
		Debug|Any CPU = Debug|Any CPU
		Release|Any CPU = Release|Any CPU
	EndGlobalSection
	GlobalSection(ProjectConfigurationPlatforms) = postSolution
		{307F52B8-F9B6-45B3-A543-2D403DB4DF0C}.Debug|Any CPU.ActiveCfg = Debug|Any CPU
		{307F52B8-F9B6-45B3-A543-2D403DB4DF0C}.Debug|Any CPU.Build.0 = Debug|Any CPU
		{307F52B8-F9B6-45B3-A543-2D403DB4DF0C}.Release|Any CPU.ActiveCfg = Release|Any CPU
		{307F52B8-F9B6-45B3-A543-2D403DB4DF0C}.Release|Any CPU.Build.0 = Release|Any CPU
	EndGlobalSection
EndGlobal
